// !$*UTF8*$!
{
	archiveVersion = 1;
	classes = {
	};
	objectVersion = 51;
	objects = {

/* Begin PBXBuildFile section */
		94FE836ABC997E6B3CDFFE03 /* Pods_CardsBox.framework in Frameworks */ = {isa = PBXBuildFile; fileRef = 0772A2DF32CED381902C086D /* Pods_CardsBox.framework */; };
		F2029D2B26660EE600B2293B /* CardsBoxApp.swift in Sources */ = {isa = PBXBuildFile; fileRef = F2029D2A26660EE600B2293B /* CardsBoxApp.swift */; };
		F2029D2D26660EE600B2293B /* HomeView.swift in Sources */ = {isa = PBXBuildFile; fileRef = F2029D2C26660EE600B2293B /* HomeView.swift */; };
		F2029D3226660EE800B2293B /* Preview Assets.xcassets in Resources */ = {isa = PBXBuildFile; fileRef = F2029D3126660EE800B2293B /* Preview Assets.xcassets */; };
		F2029D3426660EE800B2293B /* Persistence.swift in Sources */ = {isa = PBXBuildFile; fileRef = F2029D3326660EE800B2293B /* Persistence.swift */; };
		F2029D3726660EE800B2293B /* CardsBox.xcdatamodeld in Sources */ = {isa = PBXBuildFile; fileRef = F2029D3526660EE800B2293B /* CardsBox.xcdatamodeld */; };
		F21DF8992747D6AA005A5715 /* ActiveSessionManager.swift in Sources */ = {isa = PBXBuildFile; fileRef = F21DF8982747D6AA005A5715 /* ActiveSessionManager.swift */; };
		F2242FBB26D5604200ED980E /* String+Extension.swift in Sources */ = {isa = PBXBuildFile; fileRef = F2242FBA26D5604200ED980E /* String+Extension.swift */; };
		F225E8EA273ABAE900904C81 /* AuthManager.swift in Sources */ = {isa = PBXBuildFile; fileRef = F225E8E9273ABAE900904C81 /* AuthManager.swift */; };
		F225E8ED273AEA7F00904C81 /* MainContainerViewModel.swift in Sources */ = {isa = PBXBuildFile; fileRef = F225E8EC273AEA7F00904C81 /* MainContainerViewModel.swift */; };
		F225E8EF273BADB400904C81 /* RegisterModel.swift in Sources */ = {isa = PBXBuildFile; fileRef = F225E8EE273BADB400904C81 /* RegisterModel.swift */; };
		F225E8F1273C192000904C81 /* KeychainManager.swift in Sources */ = {isa = PBXBuildFile; fileRef = F225E8F0273C191F00904C81 /* KeychainManager.swift */; };
		F225E8F3273D0EA600904C81 /* SecureFieldView.swift in Sources */ = {isa = PBXBuildFile; fileRef = F225E8F2273D0EA600904C81 /* SecureFieldView.swift */; };
		F229151B2722AEDD000370E2 /* MainContainer.swift in Sources */ = {isa = PBXBuildFile; fileRef = F229151A2722AEDD000370E2 /* MainContainer.swift */; };
		F22915212722C1A4000370E2 /* BackgroundCardView.swift in Sources */ = {isa = PBXBuildFile; fileRef = F22915202722C1A4000370E2 /* BackgroundCardView.swift */; };
		F22915232722C211000370E2 /* Gradients.swift in Sources */ = {isa = PBXBuildFile; fileRef = F22915222722C211000370E2 /* Gradients.swift */; };
		F22EF2B827B6D73700FC7A7E /* InteractionReaderViewModifier.swift in Sources */ = {isa = PBXBuildFile; fileRef = F22EF2B727B6D73700FC7A7E /* InteractionReaderViewModifier.swift */; };
		F25177E8272C7B93005F105B /* ImagePickerManager.swift in Sources */ = {isa = PBXBuildFile; fileRef = F25177E7272C7B93005F105B /* ImagePickerManager.swift */; };
		F25177EC272C8152005F105B /* LoginViewModel.swift in Sources */ = {isa = PBXBuildFile; fileRef = F25177EB272C8152005F105B /* LoginViewModel.swift */; };
		F25177EF272C820B005F105B /* ActivityIndicator.swift in Sources */ = {isa = PBXBuildFile; fileRef = F25177EE272C820B005F105B /* ActivityIndicator.swift */; };
		F25177F3272D3881005F105B /* DataManager.swift in Sources */ = {isa = PBXBuildFile; fileRef = F25177F2272D3881005F105B /* DataManager.swift */; };
		F254718A2731938A00AD90AB /* AboutView.swift in Sources */ = {isa = PBXBuildFile; fileRef = F25471892731938A00AD90AB /* AboutView.swift */; };
		F254718C2731955400AD90AB /* SettingsView.swift in Sources */ = {isa = PBXBuildFile; fileRef = F254718B2731955400AD90AB /* SettingsView.swift */; };
		F25FB7542764EDA6004E4220 /* LoginRouter.swift in Sources */ = {isa = PBXBuildFile; fileRef = F25FB7532764EDA6004E4220 /* LoginRouter.swift */; };
		F25FB7562764F1C2004E4220 /* SignUpConfigurator.swift in Sources */ = {isa = PBXBuildFile; fileRef = F25FB7552764F1C2004E4220 /* SignUpConfigurator.swift */; };
		F25FB7582764F1CC004E4220 /* SignUpRouter.swift in Sources */ = {isa = PBXBuildFile; fileRef = F25FB7572764F1CC004E4220 /* SignUpRouter.swift */; };
		F25FB75A2764F4AA004E4220 /* MainContainerConfigurator.swift in Sources */ = {isa = PBXBuildFile; fileRef = F25FB7592764F4AA004E4220 /* MainContainerConfigurator.swift */; };
		F25FB75C2764F6B3004E4220 /* HomeConfigurator.swift in Sources */ = {isa = PBXBuildFile; fileRef = F25FB75B2764F6B3004E4220 /* HomeConfigurator.swift */; };
		F25FB75E2764F6BB004E4220 /* HomeRouter.swift in Sources */ = {isa = PBXBuildFile; fileRef = F25FB75D2764F6BB004E4220 /* HomeRouter.swift */; };
		F25FB7602764F940004E4220 /* CardDetailConfigurator.swift in Sources */ = {isa = PBXBuildFile; fileRef = F25FB75F2764F940004E4220 /* CardDetailConfigurator.swift */; };
		F25FB7622765FFC2004E4220 /* LeftMenuConfigurator.swift in Sources */ = {isa = PBXBuildFile; fileRef = F25FB7612765FFC2004E4220 /* LeftMenuConfigurator.swift */; };
		F25FB7642765FFCE004E4220 /* LeftMenuRouter.swift in Sources */ = {isa = PBXBuildFile; fileRef = F25FB7632765FFCE004E4220 /* LeftMenuRouter.swift */; };
		F26A1C2F27BACAEA00BDC826 /* ShareCardController.swift in Sources */ = {isa = PBXBuildFile; fileRef = F26A1C2E27BACAEA00BDC826 /* ShareCardController.swift */; };
		F26A1C3227BAD9E700BDC826 /* ScanCardService.swift in Sources */ = {isa = PBXBuildFile; fileRef = F26A1C3127BAD9E700BDC826 /* ScanCardService.swift */; };
		F26A1C3727BADB7800BDC826 /* ImageTextRecognizable.swift in Sources */ = {isa = PBXBuildFile; fileRef = F26A1C3627BADB7800BDC826 /* ImageTextRecognizable.swift */; };
		F26A1C3927BADBE400BDC826 /* CardDetails.swift in Sources */ = {isa = PBXBuildFile; fileRef = F26A1C3827BADBE300BDC826 /* CardDetails.swift */; };
		F26F194926791A7F0070C148 /* CustomTextFieldView.swift in Sources */ = {isa = PBXBuildFile; fileRef = F26F194826791A7F0070C148 /* CustomTextFieldView.swift */; };
		F27016A82764C89100E4BDB2 /* LoginConfigurator.swift in Sources */ = {isa = PBXBuildFile; fileRef = F27016A72764C89100E4BDB2 /* LoginConfigurator.swift */; };
		F27016AA2764CA7C00E4BDB2 /* ServiceConfigurator.swift in Sources */ = {isa = PBXBuildFile; fileRef = F27016A92764CA7C00E4BDB2 /* ServiceConfigurator.swift */; };
		F278DE692678DFFD00042F38 /* Localizable.strings in Resources */ = {isa = PBXBuildFile; fileRef = F278DE682678DFFD00042F38 /* Localizable.strings */; };
		F278DE6B2678E0A800042F38 /* Localization.swift in Sources */ = {isa = PBXBuildFile; fileRef = F278DE6A2678E0A800042F38 /* Localization.swift */; };
		F278DE742678F94B00042F38 /* CardDetailView.swift in Sources */ = {isa = PBXBuildFile; fileRef = F278DE732678F94B00042F38 /* CardDetailView.swift */; };
		F27C097D2726D44500989B1B /* Assets.xcassets in Resources */ = {isa = PBXBuildFile; fileRef = F27C097C2726D44500989B1B /* Assets.xcassets */; };
		F27C09802726D72C00989B1B /* LoginView.swift in Sources */ = {isa = PBXBuildFile; fileRef = F27C097F2726D72C00989B1B /* LoginView.swift */; };
		F27C09822726D91700989B1B /* ScreenSize+Extension.swift in Sources */ = {isa = PBXBuildFile; fileRef = F27C09812726D91700989B1B /* ScreenSize+Extension.swift */; };
		F2948C5D26C6B67700F6881C /* UIColor+Extension.swift in Sources */ = {isa = PBXBuildFile; fileRef = F2948C5C26C6B67700F6881C /* UIColor+Extension.swift */; };
		F2948C5F26C6B8FD00F6881C /* Constant.swift in Sources */ = {isa = PBXBuildFile; fileRef = F2948C5E26C6B8FD00F6881C /* Constant.swift */; };
		F2948C6126C6BB6600F6881C /* View+Extension.swift in Sources */ = {isa = PBXBuildFile; fileRef = F2948C6026C6BB6600F6881C /* View+Extension.swift */; };
		F298567D267280DA00488327 /* CardView.swift in Sources */ = {isa = PBXBuildFile; fileRef = F298567C267280DA00488327 /* CardView.swift */; };
		F29A47D22677B0D8009BCDD1 /* HomeViewModel.swift in Sources */ = {isa = PBXBuildFile; fileRef = F29A47D12677B0D8009BCDD1 /* HomeViewModel.swift */; };
		F29A47DF2677C562009BCDD1 /* ObservableCoreData.swift in Sources */ = {isa = PBXBuildFile; fileRef = F29A47DE2677C562009BCDD1 /* ObservableCoreData.swift */; };
		F2AACADC276E2615009859FD /* SearchBar.swift in Sources */ = {isa = PBXBuildFile; fileRef = F2AACADB276E2615009859FD /* SearchBar.swift */; };
		F2D8A2F027391214008F3861 /* LeftMenu.swift in Sources */ = {isa = PBXBuildFile; fileRef = F2D8A2EF27391214008F3861 /* LeftMenu.swift */; };
		F2D8A2F227391492008F3861 /* LeftMenuViewModel.swift in Sources */ = {isa = PBXBuildFile; fileRef = F2D8A2F127391492008F3861 /* LeftMenuViewModel.swift */; };
		F2D8A2F4273917FA008F3861 /* LogoutButtonStyle.swift in Sources */ = {isa = PBXBuildFile; fileRef = F2D8A2F3273917FA008F3861 /* LogoutButtonStyle.swift */; };
		F2DA622026D7FA330080C72B /* CardDetailViewModel.swift in Sources */ = {isa = PBXBuildFile; fileRef = F2DA621F26D7FA330080C72B /* CardDetailViewModel.swift */; };
		F2DA622326D7FB320080C72B /* Card+CoreDataClass.swift in Sources */ = {isa = PBXBuildFile; fileRef = F2DA622126D7FB320080C72B /* Card+CoreDataClass.swift */; };
		F2DA622426D7FB320080C72B /* Card+CoreDataProperties.swift in Sources */ = {isa = PBXBuildFile; fileRef = F2DA622226D7FB320080C72B /* Card+CoreDataProperties.swift */; };
		F2DA622626D804A80080C72B /* CardModel.swift in Sources */ = {isa = PBXBuildFile; fileRef = F2DA622526D804A80080C72B /* CardModel.swift */; };
		F2E57A7627342B27001FEEB9 /* Router.swift in Sources */ = {isa = PBXBuildFile; fileRef = F2E57A7527342B27001FEEB9 /* Router.swift */; };
		F2E57A7827355B83001FEEB9 /* SettingsViewModel.swift in Sources */ = {isa = PBXBuildFile; fileRef = F2E57A7727355B83001FEEB9 /* SettingsViewModel.swift */; };
		F2E57A7A2736E6D8001FEEB9 /* StorageManager.swift in Sources */ = {isa = PBXBuildFile; fileRef = F2E57A792736E6D8001FEEB9 /* StorageManager.swift */; };
		F2E57A7C2736E705001FEEB9 /* FirestoreManager.swift in Sources */ = {isa = PBXBuildFile; fileRef = F2E57A7B2736E705001FEEB9 /* FirestoreManager.swift */; };
		F2E57A9A2736F478001FEEB9 /* AvatarView.swift in Sources */ = {isa = PBXBuildFile; fileRef = F2E57A992736F478001FEEB9 /* AvatarView.swift */; };
		F2E57A9C2736F4EE001FEEB9 /* WebImageView.swift in Sources */ = {isa = PBXBuildFile; fileRef = F2E57A9B2736F4EE001FEEB9 /* WebImageView.swift */; };
		F2E87B38272AB70800B029BB /* GoogleService-Info.plist in Resources */ = {isa = PBXBuildFile; fileRef = F2E87B37272AB70800B029BB /* GoogleService-Info.plist */; };
		F2E87B3D272AC91400B029BB /* UserProfileModel.swift in Sources */ = {isa = PBXBuildFile; fileRef = F2E87B3C272AC91400B029BB /* UserProfileModel.swift */; };
		F2E87B45272AE31700B029BB /* SignUpViewModel.swift in Sources */ = {isa = PBXBuildFile; fileRef = F2E87B44272AE31700B029BB /* SignUpViewModel.swift */; };
		F2FD36F627285EFA00A3DEC6 /* SignUpView.swift in Sources */ = {isa = PBXBuildFile; fileRef = F2FD36F527285EFA00A3DEC6 /* SignUpView.swift */; };
		F2FD36F82728655700A3DEC6 /* MainContentView.swift in Sources */ = {isa = PBXBuildFile; fileRef = F2FD36F72728655700A3DEC6 /* MainContentView.swift */; };
/* End PBXBuildFile section */

/* Begin PBXFileReference section */
		0772A2DF32CED381902C086D /* Pods_CardsBox.framework */ = {isa = PBXFileReference; explicitFileType = wrapper.framework; includeInIndex = 0; path = Pods_CardsBox.framework; sourceTree = BUILT_PRODUCTS_DIR; };
		0E36405E99FF6D62D876BF0E /* Pods-CardsBox.release.xcconfig */ = {isa = PBXFileReference; includeInIndex = 1; lastKnownFileType = text.xcconfig; name = "Pods-CardsBox.release.xcconfig"; path = "Target Support Files/Pods-CardsBox/Pods-CardsBox.release.xcconfig"; sourceTree = "<group>"; };
		7E1D04A554C307AF509D3AF3 /* Pods-CardsBox.debug.xcconfig */ = {isa = PBXFileReference; includeInIndex = 1; lastKnownFileType = text.xcconfig; name = "Pods-CardsBox.debug.xcconfig"; path = "Target Support Files/Pods-CardsBox/Pods-CardsBox.debug.xcconfig"; sourceTree = "<group>"; };
		F2029D2726660EE600B2293B /* CardsBox.app */ = {isa = PBXFileReference; explicitFileType = wrapper.application; includeInIndex = 0; path = CardsBox.app; sourceTree = BUILT_PRODUCTS_DIR; };
		F2029D2A26660EE600B2293B /* CardsBoxApp.swift */ = {isa = PBXFileReference; lastKnownFileType = sourcecode.swift; path = CardsBoxApp.swift; sourceTree = "<group>"; };
		F2029D2C26660EE600B2293B /* HomeView.swift */ = {isa = PBXFileReference; lastKnownFileType = sourcecode.swift; path = HomeView.swift; sourceTree = "<group>"; };
		F2029D3126660EE800B2293B /* Preview Assets.xcassets */ = {isa = PBXFileReference; lastKnownFileType = folder.assetcatalog; path = "Preview Assets.xcassets"; sourceTree = "<group>"; };
		F2029D3326660EE800B2293B /* Persistence.swift */ = {isa = PBXFileReference; lastKnownFileType = sourcecode.swift; path = Persistence.swift; sourceTree = "<group>"; };
		F2029D3626660EE800B2293B /* CardsBox.xcdatamodel */ = {isa = PBXFileReference; lastKnownFileType = wrapper.xcdatamodel; path = CardsBox.xcdatamodel; sourceTree = "<group>"; };
		F2029D3826660EE800B2293B /* Info.plist */ = {isa = PBXFileReference; lastKnownFileType = text.plist.xml; path = Info.plist; sourceTree = "<group>"; };
		F21DF8982747D6AA005A5715 /* ActiveSessionManager.swift */ = {isa = PBXFileReference; lastKnownFileType = sourcecode.swift; path = ActiveSessionManager.swift; sourceTree = "<group>"; };
		F2242FBA26D5604200ED980E /* String+Extension.swift */ = {isa = PBXFileReference; lastKnownFileType = sourcecode.swift; path = "String+Extension.swift"; sourceTree = "<group>"; };
		F225E8E9273ABAE900904C81 /* AuthManager.swift */ = {isa = PBXFileReference; lastKnownFileType = sourcecode.swift; path = AuthManager.swift; sourceTree = "<group>"; };
		F225E8EC273AEA7F00904C81 /* MainContainerViewModel.swift */ = {isa = PBXFileReference; lastKnownFileType = sourcecode.swift; path = MainContainerViewModel.swift; sourceTree = "<group>"; };
		F225E8EE273BADB400904C81 /* RegisterModel.swift */ = {isa = PBXFileReference; lastKnownFileType = sourcecode.swift; path = RegisterModel.swift; sourceTree = "<group>"; };
		F225E8F0273C191F00904C81 /* KeychainManager.swift */ = {isa = PBXFileReference; lastKnownFileType = sourcecode.swift; path = KeychainManager.swift; sourceTree = "<group>"; };
		F225E8F2273D0EA600904C81 /* SecureFieldView.swift */ = {isa = PBXFileReference; lastKnownFileType = sourcecode.swift; path = SecureFieldView.swift; sourceTree = "<group>"; };
		F229151A2722AEDD000370E2 /* MainContainer.swift */ = {isa = PBXFileReference; lastKnownFileType = sourcecode.swift; path = MainContainer.swift; sourceTree = "<group>"; };
		F22915202722C1A4000370E2 /* BackgroundCardView.swift */ = {isa = PBXFileReference; lastKnownFileType = sourcecode.swift; path = BackgroundCardView.swift; sourceTree = "<group>"; };
		F22915222722C211000370E2 /* Gradients.swift */ = {isa = PBXFileReference; lastKnownFileType = sourcecode.swift; path = Gradients.swift; sourceTree = "<group>"; };
		F22EF2B727B6D73700FC7A7E /* InteractionReaderViewModifier.swift */ = {isa = PBXFileReference; lastKnownFileType = sourcecode.swift; path = InteractionReaderViewModifier.swift; sourceTree = "<group>"; };
		F25177E7272C7B93005F105B /* ImagePickerManager.swift */ = {isa = PBXFileReference; lastKnownFileType = sourcecode.swift; path = ImagePickerManager.swift; sourceTree = "<group>"; };
		F25177EB272C8152005F105B /* LoginViewModel.swift */ = {isa = PBXFileReference; lastKnownFileType = sourcecode.swift; path = LoginViewModel.swift; sourceTree = "<group>"; };
		F25177EE272C820B005F105B /* ActivityIndicator.swift */ = {isa = PBXFileReference; lastKnownFileType = sourcecode.swift; path = ActivityIndicator.swift; sourceTree = "<group>"; };
		F25177F2272D3881005F105B /* DataManager.swift */ = {isa = PBXFileReference; lastKnownFileType = sourcecode.swift; path = DataManager.swift; sourceTree = "<group>"; };
		F25471892731938A00AD90AB /* AboutView.swift */ = {isa = PBXFileReference; lastKnownFileType = sourcecode.swift; path = AboutView.swift; sourceTree = "<group>"; };
		F254718B2731955400AD90AB /* SettingsView.swift */ = {isa = PBXFileReference; lastKnownFileType = sourcecode.swift; path = SettingsView.swift; sourceTree = "<group>"; };
		F25FB7532764EDA6004E4220 /* LoginRouter.swift */ = {isa = PBXFileReference; lastKnownFileType = sourcecode.swift; path = LoginRouter.swift; sourceTree = "<group>"; };
		F25FB7552764F1C2004E4220 /* SignUpConfigurator.swift */ = {isa = PBXFileReference; lastKnownFileType = sourcecode.swift; path = SignUpConfigurator.swift; sourceTree = "<group>"; };
		F25FB7572764F1CC004E4220 /* SignUpRouter.swift */ = {isa = PBXFileReference; lastKnownFileType = sourcecode.swift; path = SignUpRouter.swift; sourceTree = "<group>"; };
		F25FB7592764F4AA004E4220 /* MainContainerConfigurator.swift */ = {isa = PBXFileReference; lastKnownFileType = sourcecode.swift; path = MainContainerConfigurator.swift; sourceTree = "<group>"; };
		F25FB75B2764F6B3004E4220 /* HomeConfigurator.swift */ = {isa = PBXFileReference; lastKnownFileType = sourcecode.swift; path = HomeConfigurator.swift; sourceTree = "<group>"; };
		F25FB75D2764F6BB004E4220 /* HomeRouter.swift */ = {isa = PBXFileReference; lastKnownFileType = sourcecode.swift; path = HomeRouter.swift; sourceTree = "<group>"; };
		F25FB75F2764F940004E4220 /* CardDetailConfigurator.swift */ = {isa = PBXFileReference; lastKnownFileType = sourcecode.swift; path = CardDetailConfigurator.swift; sourceTree = "<group>"; };
		F25FB7612765FFC2004E4220 /* LeftMenuConfigurator.swift */ = {isa = PBXFileReference; lastKnownFileType = sourcecode.swift; path = LeftMenuConfigurator.swift; sourceTree = "<group>"; };
		F25FB7632765FFCE004E4220 /* LeftMenuRouter.swift */ = {isa = PBXFileReference; lastKnownFileType = sourcecode.swift; path = LeftMenuRouter.swift; sourceTree = "<group>"; };
		F26A1C2E27BACAEA00BDC826 /* ShareCardController.swift */ = {isa = PBXFileReference; lastKnownFileType = sourcecode.swift; path = ShareCardController.swift; sourceTree = "<group>"; };
		F26A1C3127BAD9E700BDC826 /* ScanCardService.swift */ = {isa = PBXFileReference; lastKnownFileType = sourcecode.swift; path = ScanCardService.swift; sourceTree = "<group>"; };
		F26A1C3627BADB7800BDC826 /* ImageTextRecognizable.swift */ = {isa = PBXFileReference; lastKnownFileType = sourcecode.swift; path = ImageTextRecognizable.swift; sourceTree = "<group>"; };
		F26A1C3827BADBE300BDC826 /* CardDetails.swift */ = {isa = PBXFileReference; fileEncoding = 4; lastKnownFileType = sourcecode.swift; path = CardDetails.swift; sourceTree = "<group>"; };
		F26F194826791A7F0070C148 /* CustomTextFieldView.swift */ = {isa = PBXFileReference; lastKnownFileType = sourcecode.swift; path = CustomTextFieldView.swift; sourceTree = "<group>"; };
		F27016A72764C89100E4BDB2 /* LoginConfigurator.swift */ = {isa = PBXFileReference; lastKnownFileType = sourcecode.swift; path = LoginConfigurator.swift; sourceTree = "<group>"; };
		F27016A92764CA7C00E4BDB2 /* ServiceConfigurator.swift */ = {isa = PBXFileReference; lastKnownFileType = sourcecode.swift; path = ServiceConfigurator.swift; sourceTree = "<group>"; };
		F278DE682678DFFD00042F38 /* Localizable.strings */ = {isa = PBXFileReference; lastKnownFileType = text.plist.strings; path = Localizable.strings; sourceTree = "<group>"; };
		F278DE6A2678E0A800042F38 /* Localization.swift */ = {isa = PBXFileReference; lastKnownFileType = sourcecode.swift; path = Localization.swift; sourceTree = "<group>"; };
		F278DE732678F94B00042F38 /* CardDetailView.swift */ = {isa = PBXFileReference; lastKnownFileType = sourcecode.swift; path = CardDetailView.swift; sourceTree = "<group>"; };
		F27C097C2726D44500989B1B /* Assets.xcassets */ = {isa = PBXFileReference; lastKnownFileType = folder.assetcatalog; path = Assets.xcassets; sourceTree = "<group>"; };
		F27C097F2726D72C00989B1B /* LoginView.swift */ = {isa = PBXFileReference; lastKnownFileType = sourcecode.swift; path = LoginView.swift; sourceTree = "<group>"; };
		F27C09812726D91700989B1B /* ScreenSize+Extension.swift */ = {isa = PBXFileReference; lastKnownFileType = sourcecode.swift; path = "ScreenSize+Extension.swift"; sourceTree = "<group>"; };
		F2948C5C26C6B67700F6881C /* UIColor+Extension.swift */ = {isa = PBXFileReference; lastKnownFileType = sourcecode.swift; path = "UIColor+Extension.swift"; sourceTree = "<group>"; };
		F2948C5E26C6B8FD00F6881C /* Constant.swift */ = {isa = PBXFileReference; lastKnownFileType = sourcecode.swift; path = Constant.swift; sourceTree = "<group>"; };
		F2948C6026C6BB6600F6881C /* View+Extension.swift */ = {isa = PBXFileReference; lastKnownFileType = sourcecode.swift; path = "View+Extension.swift"; sourceTree = "<group>"; };
		F298567C267280DA00488327 /* CardView.swift */ = {isa = PBXFileReference; lastKnownFileType = sourcecode.swift; path = CardView.swift; sourceTree = "<group>"; };
		F29A47D12677B0D8009BCDD1 /* HomeViewModel.swift */ = {isa = PBXFileReference; lastKnownFileType = sourcecode.swift; path = HomeViewModel.swift; sourceTree = "<group>"; };
		F29A47DE2677C562009BCDD1 /* ObservableCoreData.swift */ = {isa = PBXFileReference; lastKnownFileType = sourcecode.swift; path = ObservableCoreData.swift; sourceTree = "<group>"; };
		F2AACADB276E2615009859FD /* SearchBar.swift */ = {isa = PBXFileReference; lastKnownFileType = sourcecode.swift; path = SearchBar.swift; sourceTree = "<group>"; };
		F2D8A2EF27391214008F3861 /* LeftMenu.swift */ = {isa = PBXFileReference; lastKnownFileType = sourcecode.swift; path = LeftMenu.swift; sourceTree = "<group>"; };
		F2D8A2F127391492008F3861 /* LeftMenuViewModel.swift */ = {isa = PBXFileReference; lastKnownFileType = sourcecode.swift; path = LeftMenuViewModel.swift; sourceTree = "<group>"; };
		F2D8A2F3273917FA008F3861 /* LogoutButtonStyle.swift */ = {isa = PBXFileReference; lastKnownFileType = sourcecode.swift; path = LogoutButtonStyle.swift; sourceTree = "<group>"; };
		F2DA621F26D7FA330080C72B /* CardDetailViewModel.swift */ = {isa = PBXFileReference; lastKnownFileType = sourcecode.swift; path = CardDetailViewModel.swift; sourceTree = "<group>"; };
		F2DA622126D7FB320080C72B /* Card+CoreDataClass.swift */ = {isa = PBXFileReference; lastKnownFileType = sourcecode.swift; path = "Card+CoreDataClass.swift"; sourceTree = "<group>"; };
		F2DA622226D7FB320080C72B /* Card+CoreDataProperties.swift */ = {isa = PBXFileReference; lastKnownFileType = sourcecode.swift; path = "Card+CoreDataProperties.swift"; sourceTree = "<group>"; };
		F2DA622526D804A80080C72B /* CardModel.swift */ = {isa = PBXFileReference; lastKnownFileType = sourcecode.swift; path = CardModel.swift; sourceTree = "<group>"; };
		F2E57A7527342B27001FEEB9 /* Router.swift */ = {isa = PBXFileReference; lastKnownFileType = sourcecode.swift; path = Router.swift; sourceTree = "<group>"; };
		F2E57A7727355B83001FEEB9 /* SettingsViewModel.swift */ = {isa = PBXFileReference; lastKnownFileType = sourcecode.swift; path = SettingsViewModel.swift; sourceTree = "<group>"; };
		F2E57A792736E6D8001FEEB9 /* StorageManager.swift */ = {isa = PBXFileReference; lastKnownFileType = sourcecode.swift; path = StorageManager.swift; sourceTree = "<group>"; };
		F2E57A7B2736E705001FEEB9 /* FirestoreManager.swift */ = {isa = PBXFileReference; lastKnownFileType = sourcecode.swift; path = FirestoreManager.swift; sourceTree = "<group>"; };
		F2E57A992736F478001FEEB9 /* AvatarView.swift */ = {isa = PBXFileReference; lastKnownFileType = sourcecode.swift; path = AvatarView.swift; sourceTree = "<group>"; };
		F2E57A9B2736F4EE001FEEB9 /* WebImageView.swift */ = {isa = PBXFileReference; lastKnownFileType = sourcecode.swift; path = WebImageView.swift; sourceTree = "<group>"; };
		F2E87B37272AB70800B029BB /* GoogleService-Info.plist */ = {isa = PBXFileReference; fileEncoding = 4; lastKnownFileType = text.plist.xml; path = "GoogleService-Info.plist"; sourceTree = "<group>"; };
		F2E87B3C272AC91400B029BB /* UserProfileModel.swift */ = {isa = PBXFileReference; lastKnownFileType = sourcecode.swift; path = UserProfileModel.swift; sourceTree = "<group>"; };
		F2E87B44272AE31700B029BB /* SignUpViewModel.swift */ = {isa = PBXFileReference; lastKnownFileType = sourcecode.swift; path = SignUpViewModel.swift; sourceTree = "<group>"; };
		F2FD36F527285EFA00A3DEC6 /* SignUpView.swift */ = {isa = PBXFileReference; lastKnownFileType = sourcecode.swift; path = SignUpView.swift; sourceTree = "<group>"; };
		F2FD36F72728655700A3DEC6 /* MainContentView.swift */ = {isa = PBXFileReference; lastKnownFileType = sourcecode.swift; path = MainContentView.swift; sourceTree = "<group>"; };
/* End PBXFileReference section */

/* Begin PBXFrameworksBuildPhase section */
		F2029D2426660EE600B2293B /* Frameworks */ = {
			isa = PBXFrameworksBuildPhase;
			buildActionMask = 2147483647;
			files = (
				94FE836ABC997E6B3CDFFE03 /* Pods_CardsBox.framework in Frameworks */,
			);
			runOnlyForDeploymentPostprocessing = 0;
		};
/* End PBXFrameworksBuildPhase section */

/* Begin PBXGroup section */
		89C7D021878CC0DF9AFB05C7 /* Frameworks */ = {
			isa = PBXGroup;
			children = (
				0772A2DF32CED381902C086D /* Pods_CardsBox.framework */,
			);
			name = Frameworks;
			sourceTree = "<group>";
		};
		E9D1CFBA47E48E5B1ED344B2 /* Pods */ = {
			isa = PBXGroup;
			children = (
				7E1D04A554C307AF509D3AF3 /* Pods-CardsBox.debug.xcconfig */,
				0E36405E99FF6D62D876BF0E /* Pods-CardsBox.release.xcconfig */,
			);
			path = Pods;
			sourceTree = "<group>";
		};
		F2029D1E26660EE600B2293B = {
			isa = PBXGroup;
			children = (
				F2029D2926660EE600B2293B /* CardsBox */,
				F2029D2826660EE600B2293B /* Products */,
				E9D1CFBA47E48E5B1ED344B2 /* Pods */,
				89C7D021878CC0DF9AFB05C7 /* Frameworks */,
			);
			sourceTree = "<group>";
		};
		F2029D2826660EE600B2293B /* Products */ = {
			isa = PBXGroup;
			children = (
				F2029D2726660EE600B2293B /* CardsBox.app */,
			);
			name = Products;
			sourceTree = "<group>";
		};
		F2029D2926660EE600B2293B /* CardsBox */ = {
			isa = PBXGroup;
			children = (
				F2B6C1412667EC3D00EC9025 /* Application */,
				F27016A12764C0CC00E4BDB2 /* Presentation */,
				F27016A22764C12500E4BDB2 /* Business Logic */,
				F27016A32764C13D00E4BDB2 /* Core */,
				F2948C5B26C6B66400F6881C /* Extensions */,
				F26F1945267913EA0070C148 /* CustomViews */,
				F29A47E12677CD32009BCDD1 /* Resources */,
				F2029D3826660EE800B2293B /* Info.plist */,
				F2E87B37272AB70800B029BB /* GoogleService-Info.plist */,
				F2029D3526660EE800B2293B /* CardsBox.xcdatamodeld */,
				F27C097C2726D44500989B1B /* Assets.xcassets */,
				F2029D3026660EE800B2293B /* Preview Content */,
			);
			path = CardsBox;
			sourceTree = "<group>";
		};
		F2029D3026660EE800B2293B /* Preview Content */ = {
			isa = PBXGroup;
			children = (
				F2029D3126660EE800B2293B /* Preview Assets.xcassets */,
			);
			path = "Preview Content";
			sourceTree = "<group>";
		};
		F22915192722AEC4000370E2 /* MainContainer */ = {
			isa = PBXGroup;
			children = (
				F225E8EC273AEA7F00904C81 /* MainContainerViewModel.swift */,
				F229151A2722AEDD000370E2 /* MainContainer.swift */,
				F25FB7592764F4AA004E4220 /* MainContainerConfigurator.swift */,
			);
			path = MainContainer;
			sourceTree = "<group>";
		};
		F229151F2722C175000370E2 /* BackgroundCard */ = {
			isa = PBXGroup;
			children = (
				F22915202722C1A4000370E2 /* BackgroundCardView.swift */,
			);
			path = BackgroundCard;
			sourceTree = "<group>";
		};
		F25177ED272C81F9005F105B /* ActivityView */ = {
			isa = PBXGroup;
			children = (
				F25177EE272C820B005F105B /* ActivityIndicator.swift */,
			);
			path = ActivityView;
			sourceTree = "<group>";
		};
		F25471872731937100AD90AB /* Settings */ = {
			isa = PBXGroup;
			children = (
				F2982CAC276398F80038A820 /* Model */,
				F2982CAB276398BA0038A820 /* ViewModel */,
				F2982CAA276398B40038A820 /* View */,
			);
			path = Settings;
			sourceTree = "<group>";
		};
		F25471882731937A00AD90AB /* About */ = {
			isa = PBXGroup;
			children = (
				F25471892731938A00AD90AB /* AboutView.swift */,
			);
			path = About;
			sourceTree = "<group>";
		};
		F26A1C3027BAD9D300BDC826 /* ScanCard */ = {
			isa = PBXGroup;
			children = (
				F26A1C3827BADBE300BDC826 /* CardDetails.swift */,
				F26A1C3127BAD9E700BDC826 /* ScanCardService.swift */,
				F26A1C3627BADB7800BDC826 /* ImageTextRecognizable.swift */,
			);
			path = ScanCard;
			sourceTree = "<group>";
		};
		F26A1C3327BAD9F000BDC826 /* ShareCard */ = {
			isa = PBXGroup;
			children = (
				F26A1C2E27BACAEA00BDC826 /* ShareCardController.swift */,
			);
			path = ShareCard;
			sourceTree = "<group>";
		};
		F26F1945267913EA0070C148 /* CustomViews */ = {
			isa = PBXGroup;
			children = (
				F25177ED272C81F9005F105B /* ActivityView */,
				F229151F2722C175000370E2 /* BackgroundCard */,
				F26F1946267913F40070C148 /* TextFields */,
				F2E57A992736F478001FEEB9 /* AvatarView.swift */,
				F2E57A9B2736F4EE001FEEB9 /* WebImageView.swift */,
				F2D8A2F3273917FA008F3861 /* LogoutButtonStyle.swift */,
				F2AACADB276E2615009859FD /* SearchBar.swift */,
			);
			path = CustomViews;
			sourceTree = "<group>";
		};
		F26F1946267913F40070C148 /* TextFields */ = {
			isa = PBXGroup;
			children = (
				F26F194826791A7F0070C148 /* CustomTextFieldView.swift */,
				F225E8F2273D0EA600904C81 /* SecureFieldView.swift */,
			);
			path = TextFields;
			sourceTree = "<group>";
		};
		F27016A12764C0CC00E4BDB2 /* Presentation */ = {
			isa = PBXGroup;
			children = (
				F27C097E2726D71800989B1B /* Login */,
				F2FD36F427285ECF00A3DEC6 /* SignUp */,
				F22915192722AEC4000370E2 /* MainContainer */,
				F2B6C1402667EC3400EC9025 /* Home */,
				F278DE6F2678F90100042F38 /* CardDetail */,
				F2D8A2EE273911E6008F3861 /* LeftMenu */,
				F25471882731937A00AD90AB /* About */,
				F25471872731937100AD90AB /* Settings */,
				F298567B267280B500488327 /* CardView */,
			);
			path = Presentation;
			sourceTree = "<group>";
		};
		F27016A22764C12500E4BDB2 /* Business Logic */ = {
			isa = PBXGroup;
			children = (
				F27016A42764C19E00E4BDB2 /* Services */,
				F27016A52764C1A800E4BDB2 /* Models */,
				F27016A62764C1B700E4BDB2 /* Endpoints */,
			);
			path = "Business Logic";
			sourceTree = "<group>";
		};
		F27016A32764C13D00E4BDB2 /* Core */ = {
			isa = PBXGroup;
			children = (
				F2E87B3E272AC93500B029BB /* Managers */,
			);
			path = Core;
			sourceTree = "<group>";
		};
		F27016A42764C19E00E4BDB2 /* Services */ = {
			isa = PBXGroup;
			children = (
				F26A1C3327BAD9F000BDC826 /* ShareCard */,
				F26A1C3027BAD9D300BDC826 /* ScanCard */,
				F2E87B3F272AC94600B029BB /* Firebase */,
			);
			path = Services;
			sourceTree = "<group>";
		};
		F27016A52764C1A800E4BDB2 /* Models */ = {
			isa = PBXGroup;
			children = (
				F225E8EE273BADB400904C81 /* RegisterModel.swift */,
				F2E87B3C272AC91400B029BB /* UserProfileModel.swift */,
				F2DA622526D804A80080C72B /* CardModel.swift */,
			);
			path = Models;
			sourceTree = "<group>";
		};
		F27016A62764C1B700E4BDB2 /* Endpoints */ = {
			isa = PBXGroup;
			children = (
			);
			path = Endpoints;
			sourceTree = "<group>";
		};
		F278DE672678DDA100042F38 /* SwiftGen */ = {
			isa = PBXGroup;
			children = (
				F278DE6A2678E0A800042F38 /* Localization.swift */,
			);
			path = SwiftGen;
			sourceTree = "<group>";
		};
		F278DE6F2678F90100042F38 /* CardDetail */ = {
			isa = PBXGroup;
			children = (
				F278DE732678F94B00042F38 /* CardDetailView.swift */,
				F2DA621F26D7FA330080C72B /* CardDetailViewModel.swift */,
				F25FB75F2764F940004E4220 /* CardDetailConfigurator.swift */,
			);
			path = CardDetail;
			sourceTree = "<group>";
		};
		F27C097E2726D71800989B1B /* Login */ = {
			isa = PBXGroup;
			children = (
				F25177EB272C8152005F105B /* LoginViewModel.swift */,
				F27C097F2726D72C00989B1B /* LoginView.swift */,
				F27016A72764C89100E4BDB2 /* LoginConfigurator.swift */,
				F25FB7532764EDA6004E4220 /* LoginRouter.swift */,
			);
			path = Login;
			sourceTree = "<group>";
		};
		F2948C5B26C6B66400F6881C /* Extensions */ = {
			isa = PBXGroup;
			children = (
				F2948C5C26C6B67700F6881C /* UIColor+Extension.swift */,
				F2948C6026C6BB6600F6881C /* View+Extension.swift */,
				F2242FBA26D5604200ED980E /* String+Extension.swift */,
				F27C09812726D91700989B1B /* ScreenSize+Extension.swift */,
				F22EF2B727B6D73700FC7A7E /* InteractionReaderViewModifier.swift */,
			);
			path = Extensions;
			sourceTree = "<group>";
		};
		F2982CAA276398B40038A820 /* View */ = {
			isa = PBXGroup;
			children = (
				F254718B2731955400AD90AB /* SettingsView.swift */,
			);
			path = View;
			sourceTree = "<group>";
		};
		F2982CAB276398BA0038A820 /* ViewModel */ = {
			isa = PBXGroup;
			children = (
				F2E57A7727355B83001FEEB9 /* SettingsViewModel.swift */,
			);
			path = ViewModel;
			sourceTree = "<group>";
		};
		F2982CAC276398F80038A820 /* Model */ = {
			isa = PBXGroup;
			children = (
			);
			path = Model;
			sourceTree = "<group>";
		};
		F298567B267280B500488327 /* CardView */ = {
			isa = PBXGroup;
			children = (
				F298567C267280DA00488327 /* CardView.swift */,
			);
			path = CardView;
			sourceTree = "<group>";
		};
		F29A47D32677B2A9009BCDD1 /* CoreData */ = {
			isa = PBXGroup;
			children = (
				F2DA622126D7FB320080C72B /* Card+CoreDataClass.swift */,
				F2DA622226D7FB320080C72B /* Card+CoreDataProperties.swift */,
				F2029D3326660EE800B2293B /* Persistence.swift */,
				F29A47DE2677C562009BCDD1 /* ObservableCoreData.swift */,
			);
			path = CoreData;
			sourceTree = "<group>";
		};
		F29A47E12677CD32009BCDD1 /* Resources */ = {
			isa = PBXGroup;
			children = (
				F278DE672678DDA100042F38 /* SwiftGen */,
				F278DE682678DFFD00042F38 /* Localizable.strings */,
				F2948C5E26C6B8FD00F6881C /* Constant.swift */,
				F2E57A7527342B27001FEEB9 /* Router.swift */,
				F22915222722C211000370E2 /* Gradients.swift */,
			);
			path = Resources;
			sourceTree = "<group>";
		};
		F2B6C1402667EC3400EC9025 /* Home */ = {
			isa = PBXGroup;
			children = (
				F2029D2C26660EE600B2293B /* HomeView.swift */,
				F29A47D12677B0D8009BCDD1 /* HomeViewModel.swift */,
				F25FB75B2764F6B3004E4220 /* HomeConfigurator.swift */,
				F25FB75D2764F6BB004E4220 /* HomeRouter.swift */,
			);
			path = Home;
			sourceTree = "<group>";
		};
		F2B6C1412667EC3D00EC9025 /* Application */ = {
			isa = PBXGroup;
			children = (
				F2029D2A26660EE600B2293B /* CardsBoxApp.swift */,
				F2FD36F72728655700A3DEC6 /* MainContentView.swift */,
				F27016A92764CA7C00E4BDB2 /* ServiceConfigurator.swift */,
			);
			path = Application;
			sourceTree = "<group>";
		};
		F2D8A2EE273911E6008F3861 /* LeftMenu */ = {
			isa = PBXGroup;
			children = (
				F2D8A2EF27391214008F3861 /* LeftMenu.swift */,
				F2D8A2F127391492008F3861 /* LeftMenuViewModel.swift */,
				F25FB7612765FFC2004E4220 /* LeftMenuConfigurator.swift */,
				F25FB7632765FFCE004E4220 /* LeftMenuRouter.swift */,
			);
			path = LeftMenu;
			sourceTree = "<group>";
		};
		F2E87B3E272AC93500B029BB /* Managers */ = {
			isa = PBXGroup;
			children = (
				F29A47D32677B2A9009BCDD1 /* CoreData */,
				F25177E7272C7B93005F105B /* ImagePickerManager.swift */,
				F25177F2272D3881005F105B /* DataManager.swift */,
				F225E8F0273C191F00904C81 /* KeychainManager.swift */,
				F21DF8982747D6AA005A5715 /* ActiveSessionManager.swift */,
			);
			path = Managers;
			sourceTree = "<group>";
		};
		F2E87B3F272AC94600B029BB /* Firebase */ = {
			isa = PBXGroup;
			children = (
				F2E57A792736E6D8001FEEB9 /* StorageManager.swift */,
				F2E57A7B2736E705001FEEB9 /* FirestoreManager.swift */,
				F225E8E9273ABAE900904C81 /* AuthManager.swift */,
			);
			path = Firebase;
			sourceTree = "<group>";
		};
		F2FD36F427285ECF00A3DEC6 /* SignUp */ = {
			isa = PBXGroup;
			children = (
				F2FD36F527285EFA00A3DEC6 /* SignUpView.swift */,
				F2E87B44272AE31700B029BB /* SignUpViewModel.swift */,
				F25FB7552764F1C2004E4220 /* SignUpConfigurator.swift */,
				F25FB7572764F1CC004E4220 /* SignUpRouter.swift */,
			);
			path = SignUp;
			sourceTree = "<group>";
		};
/* End PBXGroup section */

/* Begin PBXNativeTarget section */
		F2029D2626660EE600B2293B /* CardsBox */ = {
			isa = PBXNativeTarget;
			buildConfigurationList = F2029D3B26660EE800B2293B /* Build configuration list for PBXNativeTarget "CardsBox" */;
			buildPhases = (
				1CF96A4B16691A0EEDD9D632 /* [CP] Check Pods Manifest.lock */,
				F2C874CD26C272AD00BEC696 /* SwiftGen */,
				F2029D2326660EE600B2293B /* Sources */,
				F2029D2426660EE600B2293B /* Frameworks */,
				F2029D2526660EE600B2293B /* Resources */,
				1D834F1B1329F0C5D97D7755 /* [CP] Embed Pods Frameworks */,
			);
			buildRules = (
			);
			dependencies = (
			);
			name = CardsBox;
			packageProductDependencies = (
			);
			productName = CardsBox;
			productReference = F2029D2726660EE600B2293B /* CardsBox.app */;
			productType = "com.apple.product-type.application";
		};
/* End PBXNativeTarget section */

/* Begin PBXProject section */
		F2029D1F26660EE600B2293B /* Project object */ = {
			isa = PBXProject;
			attributes = {
				LastSwiftUpdateCheck = 1250;
				LastUpgradeCheck = 1250;
				TargetAttributes = {
					F2029D2626660EE600B2293B = {
						CreatedOnToolsVersion = 12.5;
					};
				};
			};
			buildConfigurationList = F2029D2226660EE600B2293B /* Build configuration list for PBXProject "CardsBox" */;
			compatibilityVersion = "Xcode 9.3";
			developmentRegion = en;
			hasScannedForEncodings = 0;
			knownRegions = (
				en,
				Base,
			);
			mainGroup = F2029D1E26660EE600B2293B;
			packageReferences = (
			);
			productRefGroup = F2029D2826660EE600B2293B /* Products */;
			projectDirPath = "";
			projectRoot = "";
			targets = (
				F2029D2626660EE600B2293B /* CardsBox */,
			);
		};
/* End PBXProject section */

/* Begin PBXResourcesBuildPhase section */
		F2029D2526660EE600B2293B /* Resources */ = {
			isa = PBXResourcesBuildPhase;
			buildActionMask = 2147483647;
			files = (
				F2029D3226660EE800B2293B /* Preview Assets.xcassets in Resources */,
				F27C097D2726D44500989B1B /* Assets.xcassets in Resources */,
				F2E87B38272AB70800B029BB /* GoogleService-Info.plist in Resources */,
				F278DE692678DFFD00042F38 /* Localizable.strings in Resources */,
			);
			runOnlyForDeploymentPostprocessing = 0;
		};
/* End PBXResourcesBuildPhase section */

/* Begin PBXShellScriptBuildPhase section */
		1CF96A4B16691A0EEDD9D632 /* [CP] Check Pods Manifest.lock */ = {
			isa = PBXShellScriptBuildPhase;
			buildActionMask = 2147483647;
			files = (
			);
			inputFileListPaths = (
			);
			inputPaths = (
				"${PODS_PODFILE_DIR_PATH}/Podfile.lock",
				"${PODS_ROOT}/Manifest.lock",
			);
			name = "[CP] Check Pods Manifest.lock";
			outputFileListPaths = (
			);
			outputPaths = (
				"$(DERIVED_FILE_DIR)/Pods-CardsBox-checkManifestLockResult.txt",
			);
			runOnlyForDeploymentPostprocessing = 0;
			shellPath = /bin/sh;
			shellScript = "diff \"${PODS_PODFILE_DIR_PATH}/Podfile.lock\" \"${PODS_ROOT}/Manifest.lock\" > /dev/null\nif [ $? != 0 ] ; then\n    # print error to STDERR\n    echo \"error: The sandbox is not in sync with the Podfile.lock. Run 'pod install' or update your CocoaPods installation.\" >&2\n    exit 1\nfi\n# This output is used by Xcode 'outputs' to avoid re-running this script phase.\necho \"SUCCESS\" > \"${SCRIPT_OUTPUT_FILE_0}\"\n";
			showEnvVarsInLog = 0;
		};
		1D834F1B1329F0C5D97D7755 /* [CP] Embed Pods Frameworks */ = {
			isa = PBXShellScriptBuildPhase;
			buildActionMask = 2147483647;
			files = (
			);
			inputFileListPaths = (
				"${PODS_ROOT}/Target Support Files/Pods-CardsBox/Pods-CardsBox-frameworks-${CONFIGURATION}-input-files.xcfilelist",
			);
			name = "[CP] Embed Pods Frameworks";
			outputFileListPaths = (
				"${PODS_ROOT}/Target Support Files/Pods-CardsBox/Pods-CardsBox-frameworks-${CONFIGURATION}-output-files.xcfilelist",
			);
			runOnlyForDeploymentPostprocessing = 0;
			shellPath = /bin/sh;
			shellScript = "\"${PODS_ROOT}/Target Support Files/Pods-CardsBox/Pods-CardsBox-frameworks.sh\"\n";
			showEnvVarsInLog = 0;
		};
		F2C874CD26C272AD00BEC696 /* SwiftGen */ = {
			isa = PBXShellScriptBuildPhase;
			buildActionMask = 2147483647;
			files = (
			);
			inputFileListPaths = (
			);
			inputPaths = (
			);
			name = SwiftGen;
			outputFileListPaths = (
			);
			outputPaths = (
			);
			runOnlyForDeploymentPostprocessing = 0;
			shellPath = /bin/sh;
			shellScript = "# Type a script or drag a script file from your workspace to insert its path.\n\"$PODS_ROOT\"/SwiftGen/bin/swiftgen config run --config \"$PROJECT_DIR\"/swiftgen.yml\n";
		};
/* End PBXShellScriptBuildPhase section */

/* Begin PBXSourcesBuildPhase section */
		F2029D2326660EE600B2293B /* Sources */ = {
			isa = PBXSourcesBuildPhase;
			buildActionMask = 2147483647;
			files = (
				F27016A82764C89100E4BDB2 /* LoginConfigurator.swift in Sources */,
				F278DE6B2678E0A800042F38 /* Localization.swift in Sources */,
				F2DA622326D7FB320080C72B /* Card+CoreDataClass.swift in Sources */,
				F22915212722C1A4000370E2 /* BackgroundCardView.swift in Sources */,
				F2E87B3D272AC91400B029BB /* UserProfileModel.swift in Sources */,
				F22EF2B827B6D73700FC7A7E /* InteractionReaderViewModifier.swift in Sources */,
				F2948C6126C6BB6600F6881C /* View+Extension.swift in Sources */,
				F2E57A7827355B83001FEEB9 /* SettingsViewModel.swift in Sources */,
				F27C09802726D72C00989B1B /* LoginView.swift in Sources */,
				F2948C5F26C6B8FD00F6881C /* Constant.swift in Sources */,
				F26F194926791A7F0070C148 /* CustomTextFieldView.swift in Sources */,
				F2E57A7627342B27001FEEB9 /* Router.swift in Sources */,
				F229151B2722AEDD000370E2 /* MainContainer.swift in Sources */,
				F2D8A2F4273917FA008F3861 /* LogoutButtonStyle.swift in Sources */,
				F25177F3272D3881005F105B /* DataManager.swift in Sources */,
				F2E57A9A2736F478001FEEB9 /* AvatarView.swift in Sources */,
				F2E57A7A2736E6D8001FEEB9 /* StorageManager.swift in Sources */,
				F2DA622626D804A80080C72B /* CardModel.swift in Sources */,
				F2AACADC276E2615009859FD /* SearchBar.swift in Sources */,
				F26A1C3727BADB7800BDC826 /* ImageTextRecognizable.swift in Sources */,
				F21DF8992747D6AA005A5715 /* ActiveSessionManager.swift in Sources */,
				F2029D3426660EE800B2293B /* Persistence.swift in Sources */,
				F225E8F1273C192000904C81 /* KeychainManager.swift in Sources */,
				F25177E8272C7B93005F105B /* ImagePickerManager.swift in Sources */,
				F29A47D22677B0D8009BCDD1 /* HomeViewModel.swift in Sources */,
				F29A47DF2677C562009BCDD1 /* ObservableCoreData.swift in Sources */,
				F25FB7542764EDA6004E4220 /* LoginRouter.swift in Sources */,
				F22915232722C211000370E2 /* Gradients.swift in Sources */,
				F25FB7602764F940004E4220 /* CardDetailConfigurator.swift in Sources */,
				F2029D2D26660EE600B2293B /* HomeView.swift in Sources */,
				F2DA622026D7FA330080C72B /* CardDetailViewModel.swift in Sources */,
				F25177EC272C8152005F105B /* LoginViewModel.swift in Sources */,
				F2E87B45272AE31700B029BB /* SignUpViewModel.swift in Sources */,
				F25FB75C2764F6B3004E4220 /* HomeConfigurator.swift in Sources */,
				F25FB7642765FFCE004E4220 /* LeftMenuRouter.swift in Sources */,
				F254718C2731955400AD90AB /* SettingsView.swift in Sources */,
				F225E8EF273BADB400904C81 /* RegisterModel.swift in Sources */,
				F2D8A2F227391492008F3861 /* LeftMenuViewModel.swift in Sources */,
				F2FD36F82728655700A3DEC6 /* MainContentView.swift in Sources */,
				F2D8A2F027391214008F3861 /* LeftMenu.swift in Sources */,
				F25FB7622765FFC2004E4220 /* LeftMenuConfigurator.swift in Sources */,
				F2FD36F627285EFA00A3DEC6 /* SignUpView.swift in Sources */,
				F27C09822726D91700989B1B /* ScreenSize+Extension.swift in Sources */,
				F25FB75E2764F6BB004E4220 /* HomeRouter.swift in Sources */,
				F2E57A9C2736F4EE001FEEB9 /* WebImageView.swift in Sources */,
				F2DA622426D7FB320080C72B /* Card+CoreDataProperties.swift in Sources */,
				F25FB7582764F1CC004E4220 /* SignUpRouter.swift in Sources */,
				F2242FBB26D5604200ED980E /* String+Extension.swift in Sources */,
				F2E57A7C2736E705001FEEB9 /* FirestoreManager.swift in Sources */,
				F25FB75A2764F4AA004E4220 /* MainContainerConfigurator.swift in Sources */,
				F2948C5D26C6B67700F6881C /* UIColor+Extension.swift in Sources */,
				F27016AA2764CA7C00E4BDB2 /* ServiceConfigurator.swift in Sources */,
				F254718A2731938A00AD90AB /* AboutView.swift in Sources */,
				F298567D267280DA00488327 /* CardView.swift in Sources */,
				F25FB7562764F1C2004E4220 /* SignUpConfigurator.swift in Sources */,
				F26A1C3227BAD9E700BDC826 /* ScanCardService.swift in Sources */,
				F225E8F3273D0EA600904C81 /* SecureFieldView.swift in Sources */,
				F25177EF272C820B005F105B /* ActivityIndicator.swift in Sources */,
				F2029D2B26660EE600B2293B /* CardsBoxApp.swift in Sources */,
				F26A1C2F27BACAEA00BDC826 /* ShareCardController.swift in Sources */,
				F225E8EA273ABAE900904C81 /* AuthManager.swift in Sources */,
				F278DE742678F94B00042F38 /* CardDetailView.swift in Sources */,
				F2029D3726660EE800B2293B /* CardsBox.xcdatamodeld in Sources */,
				F225E8ED273AEA7F00904C81 /* MainContainerViewModel.swift in Sources */,
				F26A1C3927BADBE400BDC826 /* CardDetails.swift in Sources */,
			);
			runOnlyForDeploymentPostprocessing = 0;
		};
/* End PBXSourcesBuildPhase section */

/* Begin XCBuildConfiguration section */
		F2029D3926660EE800B2293B /* Debug */ = {
			isa = XCBuildConfiguration;
			buildSettings = {
				ALWAYS_SEARCH_USER_PATHS = NO;
				CLANG_ANALYZER_NONNULL = YES;
				CLANG_ANALYZER_NUMBER_OBJECT_CONVERSION = YES_AGGRESSIVE;
				CLANG_CXX_LANGUAGE_STANDARD = "gnu++14";
				CLANG_CXX_LIBRARY = "libc++";
				CLANG_ENABLE_MODULES = YES;
				CLANG_ENABLE_OBJC_ARC = YES;
				CLANG_ENABLE_OBJC_WEAK = YES;
				CLANG_WARN_BLOCK_CAPTURE_AUTORELEASING = YES;
				CLANG_WARN_BOOL_CONVERSION = YES;
				CLANG_WARN_COMMA = YES;
				CLANG_WARN_CONSTANT_CONVERSION = YES;
				CLANG_WARN_DEPRECATED_OBJC_IMPLEMENTATIONS = YES;
				CLANG_WARN_DIRECT_OBJC_ISA_USAGE = YES_ERROR;
				CLANG_WARN_DOCUMENTATION_COMMENTS = YES;
				CLANG_WARN_EMPTY_BODY = YES;
				CLANG_WARN_ENUM_CONVERSION = YES;
				CLANG_WARN_INFINITE_RECURSION = YES;
				CLANG_WARN_INT_CONVERSION = YES;
				CLANG_WARN_NON_LITERAL_NULL_CONVERSION = YES;
				CLANG_WARN_OBJC_IMPLICIT_RETAIN_SELF = YES;
				CLANG_WARN_OBJC_LITERAL_CONVERSION = YES;
				CLANG_WARN_OBJC_ROOT_CLASS = YES_ERROR;
				CLANG_WARN_QUOTED_INCLUDE_IN_FRAMEWORK_HEADER = YES;
				CLANG_WARN_RANGE_LOOP_ANALYSIS = YES;
				CLANG_WARN_STRICT_PROTOTYPES = YES;
				CLANG_WARN_SUSPICIOUS_MOVE = YES;
				CLANG_WARN_UNGUARDED_AVAILABILITY = YES_AGGRESSIVE;
				CLANG_WARN_UNREACHABLE_CODE = YES;
				CLANG_WARN__DUPLICATE_METHOD_MATCH = YES;
				COPY_PHASE_STRIP = NO;
				DEBUG_INFORMATION_FORMAT = dwarf;
				ENABLE_STRICT_OBJC_MSGSEND = YES;
				ENABLE_TESTABILITY = YES;
				GCC_C_LANGUAGE_STANDARD = gnu11;
				GCC_DYNAMIC_NO_PIC = NO;
				GCC_NO_COMMON_BLOCKS = YES;
				GCC_OPTIMIZATION_LEVEL = 0;
				GCC_PREPROCESSOR_DEFINITIONS = (
					"DEBUG=1",
					"$(inherited)",
				);
				GCC_WARN_64_TO_32_BIT_CONVERSION = YES;
				GCC_WARN_ABOUT_RETURN_TYPE = YES_ERROR;
				GCC_WARN_UNDECLARED_SELECTOR = YES;
				GCC_WARN_UNINITIALIZED_AUTOS = YES_AGGRESSIVE;
				GCC_WARN_UNUSED_FUNCTION = YES;
				GCC_WARN_UNUSED_VARIABLE = YES;
				IPHONEOS_DEPLOYMENT_TARGET = 15.0;
				MTL_ENABLE_DEBUG_INFO = INCLUDE_SOURCE;
				MTL_FAST_MATH = YES;
				ONLY_ACTIVE_ARCH = YES;
				SDKROOT = iphoneos;
				SWIFT_ACTIVE_COMPILATION_CONDITIONS = DEBUG;
				SWIFT_OPTIMIZATION_LEVEL = "-Onone";
			};
			name = Debug;
		};
		F2029D3A26660EE800B2293B /* Release */ = {
			isa = XCBuildConfiguration;
			buildSettings = {
				ALWAYS_SEARCH_USER_PATHS = NO;
				CLANG_ANALYZER_NONNULL = YES;
				CLANG_ANALYZER_NUMBER_OBJECT_CONVERSION = YES_AGGRESSIVE;
				CLANG_CXX_LANGUAGE_STANDARD = "gnu++14";
				CLANG_CXX_LIBRARY = "libc++";
				CLANG_ENABLE_MODULES = YES;
				CLANG_ENABLE_OBJC_ARC = YES;
				CLANG_ENABLE_OBJC_WEAK = YES;
				CLANG_WARN_BLOCK_CAPTURE_AUTORELEASING = YES;
				CLANG_WARN_BOOL_CONVERSION = YES;
				CLANG_WARN_COMMA = YES;
				CLANG_WARN_CONSTANT_CONVERSION = YES;
				CLANG_WARN_DEPRECATED_OBJC_IMPLEMENTATIONS = YES;
				CLANG_WARN_DIRECT_OBJC_ISA_USAGE = YES_ERROR;
				CLANG_WARN_DOCUMENTATION_COMMENTS = YES;
				CLANG_WARN_EMPTY_BODY = YES;
				CLANG_WARN_ENUM_CONVERSION = YES;
				CLANG_WARN_INFINITE_RECURSION = YES;
				CLANG_WARN_INT_CONVERSION = YES;
				CLANG_WARN_NON_LITERAL_NULL_CONVERSION = YES;
				CLANG_WARN_OBJC_IMPLICIT_RETAIN_SELF = YES;
				CLANG_WARN_OBJC_LITERAL_CONVERSION = YES;
				CLANG_WARN_OBJC_ROOT_CLASS = YES_ERROR;
				CLANG_WARN_QUOTED_INCLUDE_IN_FRAMEWORK_HEADER = YES;
				CLANG_WARN_RANGE_LOOP_ANALYSIS = YES;
				CLANG_WARN_STRICT_PROTOTYPES = YES;
				CLANG_WARN_SUSPICIOUS_MOVE = YES;
				CLANG_WARN_UNGUARDED_AVAILABILITY = YES_AGGRESSIVE;
				CLANG_WARN_UNREACHABLE_CODE = YES;
				CLANG_WARN__DUPLICATE_METHOD_MATCH = YES;
				COPY_PHASE_STRIP = NO;
				DEBUG_INFORMATION_FORMAT = "dwarf-with-dsym";
				ENABLE_NS_ASSERTIONS = NO;
				ENABLE_STRICT_OBJC_MSGSEND = YES;
				GCC_C_LANGUAGE_STANDARD = gnu11;
				GCC_NO_COMMON_BLOCKS = YES;
				GCC_WARN_64_TO_32_BIT_CONVERSION = YES;
				GCC_WARN_ABOUT_RETURN_TYPE = YES_ERROR;
				GCC_WARN_UNDECLARED_SELECTOR = YES;
				GCC_WARN_UNINITIALIZED_AUTOS = YES_AGGRESSIVE;
				GCC_WARN_UNUSED_FUNCTION = YES;
				GCC_WARN_UNUSED_VARIABLE = YES;
				IPHONEOS_DEPLOYMENT_TARGET = 15.0;
				MTL_ENABLE_DEBUG_INFO = NO;
				MTL_FAST_MATH = YES;
				SDKROOT = iphoneos;
				SWIFT_COMPILATION_MODE = wholemodule;
				SWIFT_OPTIMIZATION_LEVEL = "-O";
				VALIDATE_PRODUCT = YES;
			};
			name = Release;
		};
		F2029D3C26660EE800B2293B /* Debug */ = {
			isa = XCBuildConfiguration;
			baseConfigurationReference = 7E1D04A554C307AF509D3AF3 /* Pods-CardsBox.debug.xcconfig */;
			buildSettings = {
				ASSETCATALOG_COMPILER_APPICON_NAME = AppIcon;
				ASSETCATALOG_COMPILER_GLOBAL_ACCENT_COLOR_NAME = AccentColor;
				CODE_SIGN_IDENTITY = "Apple Development";
				CODE_SIGN_STYLE = Automatic;
				CURRENT_PROJECT_VERSION = 2;
				DEVELOPMENT_ASSET_PATHS = "\"CardsBox/Preview Content\"";
				DEVELOPMENT_TEAM = R63V9YUV68;
				ENABLE_PREVIEWS = YES;
				INFOPLIST_FILE = CardsBox/Info.plist;
				IPHONEOS_DEPLOYMENT_TARGET = 15.0;
				LD_RUNPATH_SEARCH_PATHS = (
					"$(inherited)",
					"@executable_path/Frameworks",
				);
				PRODUCT_BUNDLE_IDENTIFIER = com.evernetica.cardsBox.test;
				PRODUCT_NAME = "$(TARGET_NAME)";
				PROVISIONING_PROFILE_SPECIFIER = "";
				SWIFT_VERSION = 5.0;
				TARGETED_DEVICE_FAMILY = 1;
			};
			name = Debug;
		};
		F2029D3D26660EE800B2293B /* Release */ = {
			isa = XCBuildConfiguration;
			baseConfigurationReference = 0E36405E99FF6D62D876BF0E /* Pods-CardsBox.release.xcconfig */;
			buildSettings = {
				ASSETCATALOG_COMPILER_APPICON_NAME = AppIcon;
				ASSETCATALOG_COMPILER_GLOBAL_ACCENT_COLOR_NAME = AccentColor;
				CODE_SIGN_IDENTITY = "Apple Development";
				CODE_SIGN_STYLE = Automatic;
				CURRENT_PROJECT_VERSION = 2;
				DEVELOPMENT_ASSET_PATHS = "\"CardsBox/Preview Content\"";
				DEVELOPMENT_TEAM = R63V9YUV68;
				ENABLE_PREVIEWS = YES;
				INFOPLIST_FILE = CardsBox/Info.plist;
				IPHONEOS_DEPLOYMENT_TARGET = 15.0;
				LD_RUNPATH_SEARCH_PATHS = (
					"$(inherited)",
					"@executable_path/Frameworks",
				);
				PRODUCT_BUNDLE_IDENTIFIER = com.evernetica.cardsBox.test;
				PRODUCT_NAME = "$(TARGET_NAME)";
				PROVISIONING_PROFILE_SPECIFIER = "";
				SWIFT_VERSION = 5.0;
				TARGETED_DEVICE_FAMILY = 1;
			};
			name = Release;
		};
/* End XCBuildConfiguration section */

/* Begin XCConfigurationList section */
		F2029D2226660EE600B2293B /* Build configuration list for PBXProject "CardsBox" */ = {
			isa = XCConfigurationList;
			buildConfigurations = (
				F2029D3926660EE800B2293B /* Debug */,
				F2029D3A26660EE800B2293B /* Release */,
			);
			defaultConfigurationIsVisible = 0;
			defaultConfigurationName = Release;
		};
		F2029D3B26660EE800B2293B /* Build configuration list for PBXNativeTarget "CardsBox" */ = {
			isa = XCConfigurationList;
			buildConfigurations = (
				F2029D3C26660EE800B2293B /* Debug */,
				F2029D3D26660EE800B2293B /* Release */,
			);
			defaultConfigurationIsVisible = 0;
			defaultConfigurationName = Release;
		};
/* End XCConfigurationList section */

/* Begin XCVersionGroup section */
		F2029D3526660EE800B2293B /* CardsBox.xcdatamodeld */ = {
			isa = XCVersionGroup;
			children = (
				F2029D3626660EE800B2293B /* CardsBox.xcdatamodel */,
			);
			currentVersion = F2029D3626660EE800B2293B /* CardsBox.xcdatamodel */;
			path = CardsBox.xcdatamodeld;
			sourceTree = "<group>";
			versionGroupType = wrapper.xcdatamodel;
		};
/* End XCVersionGroup section */
	};
	rootObject = F2029D1F26660EE600B2293B /* Project object */;
}
